
Microsoft Visual Studio Solution File, Format Version 12.00
# Visual Studio Version 17
VisualStudioVersion = 17.10.35004.147
MinimumVisualStudioVersion = 10.0.40219.1
Project("{FAE04EC0-301F-11D3-BF4B-00C04F79EFBC}") = "AsyncHttpClientDemo", "AsyncHttpClientDemo\AsyncHttpClientDemo.csproj", "{9BAAD66E-AFED-44A8-890D-F2E5F4DB26BB}"
EndProject
Project("{2150E333-8FDC-42A3-9474-1A3956D46DE8}") = "1", "1", "{4B8C7ECF-2CFA-4F8E-81CC-E10522FAC442}"
EndProject
Project("{FAE04EC0-301F-11D3-BF4B-00C04F79EFBC}") = "CalcutaleFactorialTheadAsync", "ThreadTest\CalcutaleFactorialTheadAsync.csproj", "{E97F5EF2-72EF-4FB0-B868-D88054C5306F}"
EndProject
Project("{FAE04EC0-301F-11D3-BF4B-00C04F79EFBC}") = "01TaskAsync", "01TaskAsync\01TaskAsync.csproj", "{36A18C43-C5DA-484F-AD51-F93B8989DFBF}"
EndProject
Project("{FAE04EC0-301F-11D3-BF4B-00C04F79EFBC}") = "02TaskAsync", "02TaskAsync\02TaskAsync.csproj", "{FBEA2E64-F870-4632-BF5F-D84237821D7E}"
EndProject
Project("{FAE04EC0-301F-11D3-BF4B-00C04F79EFBC}") = "03TaskAsync", "03TaskAsync\03TaskAsync.csproj", "{A9D68FF9-A572-4B32-8430-B894A6027704}"
EndProject
Project("{FAE04EC0-301F-11D3-BF4B-00C04F79EFBC}") = "04TaskAsync", "04TaskAsync\04TaskAsync.csproj", "{94FD15AB-B846-4F82-A34A-CB9E76B4E9C5}"
EndProject
Project("{FAE04EC0-301F-11D3-BF4B-00C04F79EFBC}") = "05TaskAsync", "05TaskAsync\05TaskAsync.csproj", "{13BEEB79-E568-4949-BC73-F00C1683A4E6}"
EndProject
Project("{FAE04EC0-301F-11D3-BF4B-00C04F79EFBC}") = "06TaskAsync", "06TaskAsync\06TaskAsync.csproj", "{4919016D-17BD-4FE8-887F-5D14944FE417}"
EndProject
Project("{FAE04EC0-301F-11D3-BF4B-00C04F79EFBC}") = "07TaskAsync", "07TaskAsync\07TaskAsync.csproj", "{FD612029-1181-4B49-A1B8-9B053773E719}"
EndProject
Project("{FAE04EC0-301F-11D3-BF4B-00C04F79EFBC}") = "01DI", "01DI\01DI.csproj", "{B7F52D67-511E-49ED-A76B-BFBB86F4C6A5}"
EndProject
Project("{2150E333-8FDC-42A3-9474-1A3956D46DE8}") = "Async", "Async", "{1F6798E3-6691-40F5-98A3-E90401DEEDAE}"
EndProject
Project("{2150E333-8FDC-42A3-9474-1A3956D46DE8}") = "DependencyInjection", "DependencyInjection", "{5B377B24-861B-41B1-A85B-A77F8EE424BE}"
EndProject
Global
	GlobalSection(SolutionConfigurationPlatforms) = preSolution
		Debug|Any CPU = Debug|Any CPU
		Release|Any CPU = Release|Any CPU
	EndGlobalSection
	GlobalSection(ProjectConfigurationPlatforms) = postSolution
		{9BAAD66E-AFED-44A8-890D-F2E5F4DB26BB}.Debug|Any CPU.ActiveCfg = Debug|Any CPU
		{9BAAD66E-AFED-44A8-890D-F2E5F4DB26BB}.Debug|Any CPU.Build.0 = Debug|Any CPU
		{9BAAD66E-AFED-44A8-890D-F2E5F4DB26BB}.Release|Any CPU.ActiveCfg = Release|Any CPU
		{9BAAD66E-AFED-44A8-890D-F2E5F4DB26BB}.Release|Any CPU.Build.0 = Release|Any CPU
		{E97F5EF2-72EF-4FB0-B868-D88054C5306F}.Debug|Any CPU.ActiveCfg = Debug|Any CPU
		{E97F5EF2-72EF-4FB0-B868-D88054C5306F}.Debug|Any CPU.Build.0 = Debug|Any CPU
		{E97F5EF2-72EF-4FB0-B868-D88054C5306F}.Release|Any CPU.ActiveCfg = Release|Any CPU
		{E97F5EF2-72EF-4FB0-B868-D88054C5306F}.Release|Any CPU.Build.0 = Release|Any CPU
		{36A18C43-C5DA-484F-AD51-F93B8989DFBF}.Debug|Any CPU.ActiveCfg = Debug|Any CPU
		{36A18C43-C5DA-484F-AD51-F93B8989DFBF}.Debug|Any CPU.Build.0 = Debug|Any CPU
		{36A18C43-C5DA-484F-AD51-F93B8989DFBF}.Release|Any CPU.ActiveCfg = Release|Any CPU
		{36A18C43-C5DA-484F-AD51-F93B8989DFBF}.Release|Any CPU.Build.0 = Release|Any CPU
		{FBEA2E64-F870-4632-BF5F-D84237821D7E}.Debug|Any CPU.ActiveCfg = Debug|Any CPU
		{FBEA2E64-F870-4632-BF5F-D84237821D7E}.Debug|Any CPU.Build.0 = Debug|Any CPU
		{FBEA2E64-F870-4632-BF5F-D84237821D7E}.Release|Any CPU.ActiveCfg = Release|Any CPU
		{FBEA2E64-F870-4632-BF5F-D84237821D7E}.Release|Any CPU.Build.0 = Release|Any CPU
		{A9D68FF9-A572-4B32-8430-B894A6027704}.Debug|Any CPU.ActiveCfg = Debug|Any CPU
		{A9D68FF9-A572-4B32-8430-B894A6027704}.Debug|Any CPU.Build.0 = Debug|Any CPU
		{A9D68FF9-A572-4B32-8430-B894A6027704}.Release|Any CPU.ActiveCfg = Release|Any CPU
		{A9D68FF9-A572-4B32-8430-B894A6027704}.Release|Any CPU.Build.0 = Release|Any CPU
		{94FD15AB-B846-4F82-A34A-CB9E76B4E9C5}.Debug|Any CPU.ActiveCfg = Debug|Any CPU
		{94FD15AB-B846-4F82-A34A-CB9E76B4E9C5}.Debug|Any CPU.Build.0 = Debug|Any CPU
		{94FD15AB-B846-4F82-A34A-CB9E76B4E9C5}.Release|Any CPU.ActiveCfg = Release|Any CPU
		{94FD15AB-B846-4F82-A34A-CB9E76B4E9C5}.Release|Any CPU.Build.0 = Release|Any CPU
		{13BEEB79-E568-4949-BC73-F00C1683A4E6}.Debug|Any CPU.ActiveCfg = Debug|Any CPU
		{13BEEB79-E568-4949-BC73-F00C1683A4E6}.Debug|Any CPU.Build.0 = Debug|Any CPU
		{13BEEB79-E568-4949-BC73-F00C1683A4E6}.Release|Any CPU.ActiveCfg = Release|Any CPU
		{13BEEB79-E568-4949-BC73-F00C1683A4E6}.Release|Any CPU.Build.0 = Release|Any CPU
		{4919016D-17BD-4FE8-887F-5D14944FE417}.Debug|Any CPU.ActiveCfg = Debug|Any CPU
		{4919016D-17BD-4FE8-887F-5D14944FE417}.Debug|Any CPU.Build.0 = Debug|Any CPU
		{4919016D-17BD-4FE8-887F-5D14944FE417}.Release|Any CPU.ActiveCfg = Release|Any CPU
		{4919016D-17BD-4FE8-887F-5D14944FE417}.Release|Any CPU.Build.0 = Release|Any CPU
		{FD612029-1181-4B49-A1B8-9B053773E719}.Debug|Any CPU.ActiveCfg = Debug|Any CPU
		{FD612029-1181-4B49-A1B8-9B053773E719}.Debug|Any CPU.Build.0 = Debug|Any CPU
		{FD612029-1181-4B49-A1B8-9B053773E719}.Release|Any CPU.ActiveCfg = Release|Any CPU
		{FD612029-1181-4B49-A1B8-9B053773E719}.Release|Any CPU.Build.0 = Release|Any CPU
		{B7F52D67-511E-49ED-A76B-BFBB86F4C6A5}.Debug|Any CPU.ActiveCfg = Debug|Any CPU
		{B7F52D67-511E-49ED-A76B-BFBB86F4C6A5}.Debug|Any CPU.Build.0 = Debug|Any CPU
		{B7F52D67-511E-49ED-A76B-BFBB86F4C6A5}.Release|Any CPU.ActiveCfg = Release|Any CPU
		{B7F52D67-511E-49ED-A76B-BFBB86F4C6A5}.Release|Any CPU.Build.0 = Release|Any CPU
	EndGlobalSection
	GlobalSection(SolutionProperties) = preSolution
		HideSolutionNode = FALSE
	EndGlobalSection
	GlobalSection(NestedProjects) = preSolution
		{9BAAD66E-AFED-44A8-890D-F2E5F4DB26BB} = {1F6798E3-6691-40F5-98A3-E90401DEEDAE}
		{E97F5EF2-72EF-4FB0-B868-D88054C5306F} = {1F6798E3-6691-40F5-98A3-E90401DEEDAE}
		{36A18C43-C5DA-484F-AD51-F93B8989DFBF} = {1F6798E3-6691-40F5-98A3-E90401DEEDAE}
		{FBEA2E64-F870-4632-BF5F-D84237821D7E} = {1F6798E3-6691-40F5-98A3-E90401DEEDAE}
		{A9D68FF9-A572-4B32-8430-B894A6027704} = {1F6798E3-6691-40F5-98A3-E90401DEEDAE}
		{94FD15AB-B846-4F82-A34A-CB9E76B4E9C5} = {1F6798E3-6691-40F5-98A3-E90401DEEDAE}
		{13BEEB79-E568-4949-BC73-F00C1683A4E6} = {1F6798E3-6691-40F5-98A3-E90401DEEDAE}
		{4919016D-17BD-4FE8-887F-5D14944FE417} = {1F6798E3-6691-40F5-98A3-E90401DEEDAE}
		{FD612029-1181-4B49-A1B8-9B053773E719} = {1F6798E3-6691-40F5-98A3-E90401DEEDAE}
		{B7F52D67-511E-49ED-A76B-BFBB86F4C6A5} = {5B377B24-861B-41B1-A85B-A77F8EE424BE}
		{1F6798E3-6691-40F5-98A3-E90401DEEDAE} = {4B8C7ECF-2CFA-4F8E-81CC-E10522FAC442}
		{5B377B24-861B-41B1-A85B-A77F8EE424BE} = {4B8C7ECF-2CFA-4F8E-81CC-E10522FAC442}
	EndGlobalSection
	GlobalSection(ExtensibilityGlobals) = postSolution
		SolutionGuid = {B17649B6-BECF-40A9-B9C3-418A54C342E0}
	EndGlobalSection
EndGlobal
